
Microsoft Visual Studio Solution File, Format Version 12.00
# Visual Studio Version 17
VisualStudioVersion = 17.2.32602.215
MinimumVisualStudioVersion = 10.0.40219.1
Project("{9A19103F-16F7-4668-BE54-9A1E7A4F7556}") = "Vivo", "Vivo.csproj", "{7D2A663D-3E1F-4FBC-82F0-43B353541AD2}"
EndProject
Project("{2150E333-8FDC-42A3-9474-1A3956D46DE8}") = "Domain", "Domain", "{71F44A6E-B49C-4982-8F9F-586D87FE3108}"
EndProject
Project("{2150E333-8FDC-42A3-9474-1A3956D46DE8}") = "Infra", "Infra", "{1B075505-2593-42EF-90DD-151289588F3A}"
EndProject
Project("{2150E333-8FDC-42A3-9474-1A3956D46DE8}") = "Data", "Data", "{D82F1BF0-CD54-495C-BDA1-E31E98DB53ED}"
EndProject
Project("{2150E333-8FDC-42A3-9474-1A3956D46DE8}") = "IoC", "IoC", "{66D770E1-AE7F-4B99-93DC-CEC1D1075218}"
EndProject
Project("{2150E333-8FDC-42A3-9474-1A3956D46DE8}") = "API", "API", "{A1CA7181-C6C5-45DB-A06D-55FD2949F077}"
EndProject
Project("{9A19103F-16F7-4668-BE54-9A1E7A4F7556}") = "Infra.Data", "..\Infra.Data\Infra.Data.csproj", "{0DD2A339-0EDA-49B5-A929-1ED74DBE5B5F}"
EndProject
Project("{9A19103F-16F7-4668-BE54-9A1E7A4F7556}") = "Infra.IoC", "..\Infra.IoC\Infra.IoC.csproj", "{A5332B7C-0C1E-4766-BEEA-C5215C5C4761}"
EndProject
Project("{9A19103F-16F7-4668-BE54-9A1E7A4F7556}") = "Domain", "..\Domain\Domain.csproj", "{0E625407-7EF7-4BCC-8251-EC773A1606F0}"
EndProject
Project("{2150E333-8FDC-42A3-9474-1A3956D46DE8}") = "Testes", "Testes", "{7CA7290D-7F2B-40B8-8E37-B4CF5F52EFB5}"
EndProject
Project("{9A19103F-16F7-4668-BE54-9A1E7A4F7556}") = "Tests", "..\Tests\Tests.csproj", "{8C6A9ECA-64AE-4AD1-AA64-517DBA5EDF36}"
	ProjectSection(ProjectDependencies) = postProject
		{0DD2A339-0EDA-49B5-A929-1ED74DBE5B5F} = {0DD2A339-0EDA-49B5-A929-1ED74DBE5B5F}
	EndProjectSection
EndProject
Project("{E53339B2-1760-4266-BCC7-CA923CBCF16C}") = "docker-compose", "docker-compose.dcproj", "{8DF10690-8D4A-4142-A2B7-33645CE5D976}"
EndProject
Global
	GlobalSection(SolutionConfigurationPlatforms) = preSolution
		Debug|Any CPU = Debug|Any CPU
		Release|Any CPU = Release|Any CPU
	EndGlobalSection
	GlobalSection(ProjectConfigurationPlatforms) = postSolution
		{7D2A663D-3E1F-4FBC-82F0-43B353541AD2}.Debug|Any CPU.ActiveCfg = Debug|Any CPU
		{7D2A663D-3E1F-4FBC-82F0-43B353541AD2}.Debug|Any CPU.Build.0 = Debug|Any CPU
		{7D2A663D-3E1F-4FBC-82F0-43B353541AD2}.Release|Any CPU.ActiveCfg = Release|Any CPU
		{7D2A663D-3E1F-4FBC-82F0-43B353541AD2}.Release|Any CPU.Build.0 = Release|Any CPU
		{0DD2A339-0EDA-49B5-A929-1ED74DBE5B5F}.Debug|Any CPU.ActiveCfg = Debug|Any CPU
		{0DD2A339-0EDA-49B5-A929-1ED74DBE5B5F}.Debug|Any CPU.Build.0 = Debug|Any CPU
		{0DD2A339-0EDA-49B5-A929-1ED74DBE5B5F}.Release|Any CPU.ActiveCfg = Release|Any CPU
		{0DD2A339-0EDA-49B5-A929-1ED74DBE5B5F}.Release|Any CPU.Build.0 = Release|Any CPU
		{A5332B7C-0C1E-4766-BEEA-C5215C5C4761}.Debug|Any CPU.ActiveCfg = Debug|Any CPU
		{A5332B7C-0C1E-4766-BEEA-C5215C5C4761}.Debug|Any CPU.Build.0 = Debug|Any CPU
		{A5332B7C-0C1E-4766-BEEA-C5215C5C4761}.Release|Any CPU.ActiveCfg = Release|Any CPU
		{A5332B7C-0C1E-4766-BEEA-C5215C5C4761}.Release|Any CPU.Build.0 = Release|Any CPU
		{0E625407-7EF7-4BCC-8251-EC773A1606F0}.Debug|Any CPU.ActiveCfg = Debug|Any CPU
		{0E625407-7EF7-4BCC-8251-EC773A1606F0}.Debug|Any CPU.Build.0 = Debug|Any CPU
		{0E625407-7EF7-4BCC-8251-EC773A1606F0}.Release|Any CPU.ActiveCfg = Release|Any CPU
		{0E625407-7EF7-4BCC-8251-EC773A1606F0}.Release|Any CPU.Build.0 = Release|Any CPU
		{8C6A9ECA-64AE-4AD1-AA64-517DBA5EDF36}.Debug|Any CPU.ActiveCfg = Debug|Any CPU
		{8C6A9ECA-64AE-4AD1-AA64-517DBA5EDF36}.Debug|Any CPU.Build.0 = Debug|Any CPU
		{8C6A9ECA-64AE-4AD1-AA64-517DBA5EDF36}.Release|Any CPU.ActiveCfg = Release|Any CPU
		{8C6A9ECA-64AE-4AD1-AA64-517DBA5EDF36}.Release|Any CPU.Build.0 = Release|Any CPU
		{8DF10690-8D4A-4142-A2B7-33645CE5D976}.Debug|Any CPU.ActiveCfg = Debug|Any CPU
		{8DF10690-8D4A-4142-A2B7-33645CE5D976}.Debug|Any CPU.Build.0 = Debug|Any CPU
		{8DF10690-8D4A-4142-A2B7-33645CE5D976}.Release|Any CPU.ActiveCfg = Release|Any CPU
		{8DF10690-8D4A-4142-A2B7-33645CE5D976}.Release|Any CPU.Build.0 = Release|Any CPU
	EndGlobalSection
	GlobalSection(SolutionProperties) = preSolution
		HideSolutionNode = FALSE
	EndGlobalSection
	GlobalSection(NestedProjects) = preSolution
		{7D2A663D-3E1F-4FBC-82F0-43B353541AD2} = {A1CA7181-C6C5-45DB-A06D-55FD2949F077}
		{D82F1BF0-CD54-495C-BDA1-E31E98DB53ED} = {1B075505-2593-42EF-90DD-151289588F3A}
		{66D770E1-AE7F-4B99-93DC-CEC1D1075218} = {1B075505-2593-42EF-90DD-151289588F3A}
		{0DD2A339-0EDA-49B5-A929-1ED74DBE5B5F} = {D82F1BF0-CD54-495C-BDA1-E31E98DB53ED}
		{A5332B7C-0C1E-4766-BEEA-C5215C5C4761} = {66D770E1-AE7F-4B99-93DC-CEC1D1075218}
		{0E625407-7EF7-4BCC-8251-EC773A1606F0} = {71F44A6E-B49C-4982-8F9F-586D87FE3108}
		{8C6A9ECA-64AE-4AD1-AA64-517DBA5EDF36} = {7CA7290D-7F2B-40B8-8E37-B4CF5F52EFB5}
	EndGlobalSection
	GlobalSection(ExtensibilityGlobals) = postSolution
		SolutionGuid = {4C89187A-9CA2-42C4-8962-C89CEF5989BB}
	EndGlobalSection
EndGlobal
